
Microsoft Visual Studio Solution File, Format Version 9.00
# Visual Studio 2005
Project("{FAE04EC0-301F-11D3-BF4B-00C04F79EFBC}") = "Server", "AnAppADay.ScreenBroadcaster.Server\Server.csproj", "{FDF6EF28-C406-4246-A710-95EF749F9959}"
EndProject
Project("{FAE04EC0-301F-11D3-BF4B-00C04F79EFBC}") = "Common", "AnAppADay.ScreenBroadcaster.Common\Common.csproj", "{66090992-09CE-4757-AEE0-E628CC2D436B}"
EndProject
Project("{FAE04EC0-301F-11D3-BF4B-00C04F79EFBC}") = "Client", "AnAppADay.ScreenBroadcaster.Client\Client.csproj", "{72B8CE6C-862F-4002-9EBA-5AC2B7E36F9C}"
EndProject
Project("{2150E333-8FDC-42A3-9474-1A3956D46DE8}") = "Solution Items", "Solution Items", "{2635F7EF-C846-4CAA-9267-AB58531F6FEE}"
	ProjectSection(SolutionItems) = preProject
		TheIcon.ico = TheIcon.ico
	EndProjectSection
EndProject
Global
	GlobalSection(SolutionConfigurationPlatforms) = preSolution
		Debug|Any CPU = Debug|Any CPU
		Release|Any CPU = Release|Any CPU
	EndGlobalSection
	GlobalSection(ProjectConfigurationPlatforms) = postSolution
		{FDF6EF28-C406-4246-A710-95EF749F9959}.Debug|Any CPU.ActiveCfg = Debug|Any CPU
		{FDF6EF28-C406-4246-A710-95EF749F9959}.Debug|Any CPU.Build.0 = Debug|Any CPU
		{FDF6EF28-C406-4246-A710-95EF749F9959}.Release|Any CPU.ActiveCfg = Release|Any CPU
		{FDF6EF28-C406-4246-A710-95EF749F9959}.Release|Any CPU.Build.0 = Release|Any CPU
		{66090992-09CE-4757-AEE0-E628CC2D436B}.Debug|Any CPU.ActiveCfg = Debug|Any CPU
		{66090992-09CE-4757-AEE0-E628CC2D436B}.Debug|Any CPU.Build.0 = Debug|Any CPU
		{66090992-09CE-4757-AEE0-E628CC2D436B}.Release|Any CPU.ActiveCfg = Release|Any CPU
		{66090992-09CE-4757-AEE0-E628CC2D436B}.Release|Any CPU.Build.0 = Release|Any CPU
		{72B8CE6C-862F-4002-9EBA-5AC2B7E36F9C}.Debug|Any CPU.ActiveCfg = Debug|Any CPU
		{72B8CE6C-862F-4002-9EBA-5AC2B7E36F9C}.Debug|Any CPU.Build.0 = Debug|Any CPU
		{72B8CE6C-862F-4002-9EBA-5AC2B7E36F9C}.Release|Any CPU.ActiveCfg = Release|Any CPU
		{72B8CE6C-862F-4002-9EBA-5AC2B7E36F9C}.Release|Any CPU.Build.0 = Release|Any CPU
	EndGlobalSection
	GlobalSection(SolutionProperties) = preSolution
		HideSolutionNode = FALSE
	EndGlobalSection
EndGlobal
