
Microsoft Visual Studio Solution File, Format Version 9.00
# Visual Studio 2005
Project("{FAE04EC0-301F-11D3-BF4B-00C04F79EFBC}") = "AnAppADay.JediDigg.WinApp", "AnAppADay.JediDigg.WinApp\AnAppADay.JediDigg.WinApp.csproj", "{ECB982B0-FA3D-40C4-B655-48B645979FEF}"
EndProject
Global
	GlobalSection(SolutionConfigurationPlatforms) = preSolution
		Debug|Any CPU = Debug|Any CPU
		Release|Any CPU = Release|Any CPU
	EndGlobalSection
	GlobalSection(ProjectConfigurationPlatforms) = postSolution
		{ECB982B0-FA3D-40C4-B655-48B645979FEF}.Debug|Any CPU.ActiveCfg = Debug|Any CPU
		{ECB982B0-FA3D-40C4-B655-48B645979FEF}.Debug|Any CPU.Build.0 = Debug|Any CPU
		{ECB982B0-FA3D-40C4-B655-48B645979FEF}.Release|Any CPU.ActiveCfg = Release|Any CPU
		{ECB982B0-FA3D-40C4-B655-48B645979FEF}.Release|Any CPU.Build.0 = Release|Any CPU
	EndGlobalSection
	GlobalSection(SolutionProperties) = preSolution
		HideSolutionNode = FALSE
	EndGlobalSection
EndGlobal
