
Microsoft Visual Studio Solution File, Format Version 9.00
# Visual Studio 2005
Project("{FAE04EC0-301F-11D3-BF4B-00C04F79EFBC}") = "AnAppADay.JediConsole.WinApp", "AnAppADay.JediConsole.WinApp\AnAppADay.JediConsole.WinApp.csproj", "{8745F632-33B1-4898-9EF7-97C62B4354E7}"
EndProject
Project("{FAE04EC0-301F-11D3-BF4B-00C04F79EFBC}") = "AnAppADay.JediConsole.KeyHook", "AnAppADay.JediConsole.KeyHook\AnAppADay.JediConsole.KeyHook.csproj", "{7268CD4B-8EB8-49C2-8BFB-D0B9FA2C42AF}"
EndProject
Global
	GlobalSection(SolutionConfigurationPlatforms) = preSolution
		Debug|Any CPU = Debug|Any CPU
		Release|Any CPU = Release|Any CPU
	EndGlobalSection
	GlobalSection(ProjectConfigurationPlatforms) = postSolution
		{8745F632-33B1-4898-9EF7-97C62B4354E7}.Debug|Any CPU.ActiveCfg = Debug|Any CPU
		{8745F632-33B1-4898-9EF7-97C62B4354E7}.Debug|Any CPU.Build.0 = Debug|Any CPU
		{8745F632-33B1-4898-9EF7-97C62B4354E7}.Release|Any CPU.ActiveCfg = Release|Any CPU
		{8745F632-33B1-4898-9EF7-97C62B4354E7}.Release|Any CPU.Build.0 = Release|Any CPU
		{7268CD4B-8EB8-49C2-8BFB-D0B9FA2C42AF}.Debug|Any CPU.ActiveCfg = Debug|Any CPU
		{7268CD4B-8EB8-49C2-8BFB-D0B9FA2C42AF}.Debug|Any CPU.Build.0 = Debug|Any CPU
		{7268CD4B-8EB8-49C2-8BFB-D0B9FA2C42AF}.Release|Any CPU.ActiveCfg = Release|Any CPU
		{7268CD4B-8EB8-49C2-8BFB-D0B9FA2C42AF}.Release|Any CPU.Build.0 = Release|Any CPU
	EndGlobalSection
	GlobalSection(SolutionProperties) = preSolution
		HideSolutionNode = FALSE
	EndGlobalSection
EndGlobal
