
Microsoft Visual Studio Solution File, Format Version 9.00
# Visual Studio 2005
Project("{FAE04EC0-301F-11D3-BF4B-00C04F79EFBC}") = "AnAppADay.InputPrank.ConsoleApp", "AnAppADay.InputPrank.ConsoleApp\AnAppADay.InputPrank.ConsoleApp.csproj", "{22AFF991-4FC5-4634-83D7-E5F1F418120F}"
EndProject
Project("{FAE04EC0-301F-11D3-BF4B-00C04F79EFBC}") = "AnAppADay.Utils", "..\AnAppADay.Utils\AnAppADay.Utils.csproj", "{7268CD4B-8EB8-49C2-8BFB-D0B9FA2C42AF}"
EndProject
Global
	GlobalSection(SolutionConfigurationPlatforms) = preSolution
		Debug|Any CPU = Debug|Any CPU
		Release|Any CPU = Release|Any CPU
	EndGlobalSection
	GlobalSection(ProjectConfigurationPlatforms) = postSolution
		{22AFF991-4FC5-4634-83D7-E5F1F418120F}.Debug|Any CPU.ActiveCfg = Debug|Any CPU
		{22AFF991-4FC5-4634-83D7-E5F1F418120F}.Debug|Any CPU.Build.0 = Debug|Any CPU
		{22AFF991-4FC5-4634-83D7-E5F1F418120F}.Release|Any CPU.ActiveCfg = Release|Any CPU
		{22AFF991-4FC5-4634-83D7-E5F1F418120F}.Release|Any CPU.Build.0 = Release|Any CPU
		{7268CD4B-8EB8-49C2-8BFB-D0B9FA2C42AF}.Debug|Any CPU.ActiveCfg = Debug|Any CPU
		{7268CD4B-8EB8-49C2-8BFB-D0B9FA2C42AF}.Debug|Any CPU.Build.0 = Debug|Any CPU
		{7268CD4B-8EB8-49C2-8BFB-D0B9FA2C42AF}.Release|Any CPU.ActiveCfg = Release|Any CPU
		{7268CD4B-8EB8-49C2-8BFB-D0B9FA2C42AF}.Release|Any CPU.Build.0 = Release|Any CPU
	EndGlobalSection
	GlobalSection(SolutionProperties) = preSolution
		HideSolutionNode = FALSE
	EndGlobalSection
EndGlobal
