
Microsoft Visual Studio Solution File, Format Version 9.00
# Visual Studio 2005
Project("{FAE04EC0-301F-11D3-BF4B-00C04F79EFBC}") = "AnAppADay.TimeManagement.WinApp", "AnAppADay.TimeManagement.WinApp\AnAppADay.TimeManagement.WinApp.csproj", "{9977ED78-2CDE-451C-AB8C-018703BFD5B1}"
EndProject
Global
	GlobalSection(SolutionConfigurationPlatforms) = preSolution
		Debug|Any CPU = Debug|Any CPU
		Release|Any CPU = Release|Any CPU
	EndGlobalSection
	GlobalSection(ProjectConfigurationPlatforms) = postSolution
		{9977ED78-2CDE-451C-AB8C-018703BFD5B1}.Debug|Any CPU.ActiveCfg = Debug|Any CPU
		{9977ED78-2CDE-451C-AB8C-018703BFD5B1}.Debug|Any CPU.Build.0 = Debug|Any CPU
		{9977ED78-2CDE-451C-AB8C-018703BFD5B1}.Release|Any CPU.ActiveCfg = Release|Any CPU
		{9977ED78-2CDE-451C-AB8C-018703BFD5B1}.Release|Any CPU.Build.0 = Release|Any CPU
	EndGlobalSection
	GlobalSection(SolutionProperties) = preSolution
		HideSolutionNode = FALSE
	EndGlobalSection
EndGlobal
